
Microsoft Visual Studio Solution File, Format Version 12.00
# Visual Studio Version 17
VisualStudioVersion = 17.9.34728.123
MinimumVisualStudioVersion = 10.0.40219.1
Project("{FAE04EC0-301F-11D3-BF4B-00C04F79EFBC}") = "WebApplication3", "WebApplication3\WebApplication3.csproj", "{741D35D4-1D88-49D1-A2AA-DC4221579FAD}"
EndProject
Global
	GlobalSection(SolutionConfigurationPlatforms) = preSolution
		Debug|Any CPU = Debug|Any CPU
		Release|Any CPU = Release|Any CPU
	EndGlobalSection
	GlobalSection(ProjectConfigurationPlatforms) = postSolution
		{741D35D4-1D88-49D1-A2AA-DC4221579FAD}.Debug|Any CPU.ActiveCfg = Debug|Any CPU
		{741D35D4-1D88-49D1-A2AA-DC4221579FAD}.Debug|Any CPU.Build.0 = Debug|Any CPU
		{741D35D4-1D88-49D1-A2AA-DC4221579FAD}.Release|Any CPU.ActiveCfg = Release|Any CPU
		{741D35D4-1D88-49D1-A2AA-DC4221579FAD}.Release|Any CPU.Build.0 = Release|Any CPU
	EndGlobalSection
	GlobalSection(SolutionProperties) = preSolution
		HideSolutionNode = FALSE
	EndGlobalSection
	GlobalSection(ExtensibilityGlobals) = postSolution
		SolutionGuid = {D1170120-F95B-42A7-8398-778E1CB35857}
	EndGlobalSection
EndGlobal
